
Microsoft Visual Studio Solution File, Format Version 12.00
# Visual Studio Version 17
VisualStudioVersion = 17.5.33516.290
MinimumVisualStudioVersion = 10.0.40219.1
Project("{FAE04EC0-301F-11D3-BF4B-00C04F79EFBC}") = "DataOptimizer", "DataOptimizer\DataOptimizer.csproj", "{D95B9F58-751D-482E-BF4C-8D476ADCE6EC}"
EndProject
Project("{FAE04EC0-301F-11D3-BF4B-00C04F79EFBC}") = "DataOptimizer.Tests", "DataOptimizer.Tests\DataOptimizer.Tests.csproj", "{0A19E6EB-B746-4194-9A46-EAEC0F7CA93F}"
EndProject
Global
	GlobalSection(SolutionConfigurationPlatforms) = preSolution
		Debug|Any CPU = Debug|Any CPU
		Release|Any CPU = Release|Any CPU
	EndGlobalSection
	GlobalSection(ProjectConfigurationPlatforms) = postSolution
		{D95B9F58-751D-482E-BF4C-8D476ADCE6EC}.Debug|Any CPU.ActiveCfg = Debug|Any CPU
		{D95B9F58-751D-482E-BF4C-8D476ADCE6EC}.Debug|Any CPU.Build.0 = Debug|Any CPU
		{D95B9F58-751D-482E-BF4C-8D476ADCE6EC}.Release|Any CPU.ActiveCfg = Release|Any CPU
		{D95B9F58-751D-482E-BF4C-8D476ADCE6EC}.Release|Any CPU.Build.0 = Release|Any CPU
		{0A19E6EB-B746-4194-9A46-EAEC0F7CA93F}.Debug|Any CPU.ActiveCfg = Debug|Any CPU
		{0A19E6EB-B746-4194-9A46-EAEC0F7CA93F}.Debug|Any CPU.Build.0 = Debug|Any CPU
		{0A19E6EB-B746-4194-9A46-EAEC0F7CA93F}.Release|Any CPU.ActiveCfg = Release|Any CPU
		{0A19E6EB-B746-4194-9A46-EAEC0F7CA93F}.Release|Any CPU.Build.0 = Release|Any CPU
	EndGlobalSection
	GlobalSection(SolutionProperties) = preSolution
		HideSolutionNode = FALSE
	EndGlobalSection
	GlobalSection(ExtensibilityGlobals) = postSolution
		SolutionGuid = {CBC3AC33-64A7-49AF-90C1-356CDC3EBABD}
	EndGlobalSection
EndGlobal
